github.com/ag7if/playing-cards v0.2.0 h1:RlSI07JCsl0BYwYxUgRc3canzVH6/GmDFrt4hHmerUM=
github.com/ag7if/playing-cards v0.2.0/go.mod h1:RVM4zsy95YDrTYTGfwtZjxf0hV2y4dUDx+L5Xsq2GnM=
github.com/creack/pty v1.1.9/go.mod h1:oKZEueFk5CKHvIhNR5MUki03XCEU+Q6VDXinZuGJ33E=
github.com/davecgh/go-spew v1.1.2-0.20180830191138-d8f796af33cc h1:U9qPSI2PIWSS1VwoXQT9A3Wy9MM3WgvqSxFWenqJduM=
github.com/davecgh/go-spew v1.1.2-0.20180830191138-d8f796af33cc/go.mod h1:J7Y8YcW2NihsgmVo/mv3lAwl/skON4iLHjSsI+c5H38=
github.com/fxtlabs/date v0.0.0-20150819233934-d9ab6e2a88a9 h1:NERIc41aohgojUAgWCCnN5B8dIXZsBo2UC04LR3tbao=
github.com/fxtlabs/date v0.0.0-20150819233934-d9ab6e2a88a9/go.mod h1:UoIEyXCyEJ1Zu3ejiUOSngl9U5Oe9S+qaNiYiUex2nk=
github.com/golang/geo v0.0.0-20180826223333-635502111454/go.mod h1:vgWZ7cu0fq0KY3PpEHsocXOWJpRtkcbKemU4IUw0M60=
github.com/golang/geo v0.0.0-20260612074446-f1a45663b0f3 h1:UlucSQUu9SZdDRlMWv5N/T3Rig9gv615vWvHFKrXHWA=
github.com/golang/geo v0.0.0-20260612074446-f1a45663b0f3/go.mod h1:Mymr9kRGDc64JPr03TSZmuIBODZ3KyswLzm1xL0HFA8=
github.com/google/go-cmp v0.7.0 h1:wk8382ETsv4JYUZwIsn6YpYiWiBsYLSJiTsyBybVuN8=
github.com/google/go-cmp v0.7.0/go.mod h1:pXiqmnSA92OHEEa9HXL2W4E7lf9JzCmGVUdgjX3N/iU=
github.com/kr/pretty v0.3.1 h1:flRD4NNwYAUpkphVc1HcthR4KEIFJ65n8Mw5qdRn3LE=
github.com/kr/pretty v0.3.1/go.mod h1:hoEshYVHaxMs3cyo3Yncou5ZscifuDolrwPKZanG3xk=
github.com/kr/text v0.2.0 h1:5Nx0Ya0ZqY2ygV366QzturHI13Jq95ApcVaJBhpS+AY=
github.com/kr/text v0.2.0/go.mod h1:eLer722TekiGuMkidMxC/pM04lWEeraHUUmBw8l2grE=
github.com/pkg/diff v0.0.0-20210226163009-20ebb0f2a09e/go.mod h1:pJLUxLENpZxwdsKMEsNbx1VGcRFpLqf3715MtcvvzbA=
github.com/pkg/errors v0.9.1 h1:FEBLx1zS214owpjy7qsBeixbURkuhQAwrK5UwLGTwt4=
github.com/pkg/errors v0.9.1/go.mod h1:bwawxfHBFNV+L2hUp1rHADufV3IMtnDRdf1r5NINEl0=
github.com/pmezard/go-difflib v1.0.1-0.20181226105442-5d4384ee4fb2 h1:Jamvg5psRIccs7FGNTlIRMkT8wgtp5eCXdBlqhYGL6U=
github.com/pmezard/go-difflib v1.0.1-0.20181226105442-5d4384ee4fb2/go.mod h1:iKH77koFhYxTK1pcRnkKkqfTogsbg7gZNVY4sRDYZ/4=
github.com/rickar/cal/v2 v2.1.28 h1:PLNjsw5YrCMkcE+EtD/wFh0Ys+a4Qp9yN6SKyksVso0=
github.com/rickar/cal/v2 v2.1.28/go.mod h1:/fdlMcx7GjPlIBibMzOM9gMvDBsrK+mOtRXdTzUqV/A=
github.com/rogpeppe/go-internal v1.9.0 h1:73kH8U+JUqXU8lRuOHeVHaa/SZPifC7BkcraZVejAe8=
github.com/rogpeppe/go-internal v1.9.0/go.mod h1:WtVeX8xhTBvf0smdhujwtBcq4Qrzq/fJaraNFVN+nFs=
github.com/snabb/isoweek v1.1.1 h1:94OnCwE74NMwMr4WKTLwjzSImR6wCzmaPrjnVuqgoWU=
github.com/snabb/isoweek v1.1.1/go.mod h1:3VcRgy1SZw/ksr4UVaOhtg6HL1aYEz8Ht0mQrA19DYM=
github.com/soniakeys/meeus/v3 v3.0.1 h1:inZIhWUeyumGoQ//CCZMI4qR2vPKCS6LbVPca2mDvqE=
github.com/soniakeys/meeus/v3 v3.0.1/go.mod h1:G1tkqa+QcOyErSe7WqN0OnzVeLrvq9bQBoNb1IG+3n8=
github.com/soniakeys/sexagesimal v1.0.0 h1:p4OW7ID1naq0+k0Sn/gvuS2hRgmEcuJrZeyyntOGLvU=
github.com/soniakeys/sexagesimal v1.0.0/go.mod h1:/7psACvkUx/IZ1XX3HDdBci1Lz1ZObcjLX2MVVKI3rM=
github.com/soniakeys/unit v1.0.0 h1:UMIgu6dxDQaK6tYaQV6dJn5oovB6035KRxCS0O7Jiec=
github.com/soniakeys/unit v1.0.0/go.mod h1:z93o2tO/hJA2+Wr1Fozkt3jK4LyDwTfRCjyRFLAa4zk=
github.com/stretchr/testify v1.11.1 h1:7s2iGBzp5EwR7/aIZr8ao5+dra3wiQyKjjFuvgVKu7U=
github.com/stretchr/testify v1.11.1/go.mod h1:wZwfW3scLgRK+23gO65QZefKpKQRnfz6sD981Nm4B6U=
github.com/tzneal/coordconv v0.1.2 h1:/NHhypAezdfJDxkkZkvUKG/2j8AREmNwcwcsJ+AjbaI=
github.com/tzneal/coordconv v0.1.2/go.mod h1:Do+bbQ+Atbh2PwYWDwFEIJfTIIFShEzIQBt9oRIdTFc=
gopkg.in/check.v1 v0.0.0-20161208181325-20d25e280405/go.mod h1:Co6ibVJAznAaIkqp8huTwlJQCZ016jof/cbN4VW5Yz0=
gopkg.in/check.v1 v1.0.0-20190902080502-41f04d3bba15 h1:YR8cESwS4TdDjEe65xsg0ogRM/Nc3DYOhEAlW+xobZo=
gopkg.in/check.v1 v1.0.0-20190902080502-41f04d3bba15/go.mod h1:Co6ibVJAznAaIkqp8huTwlJQCZ016jof/cbN4VW5Yz0=
gopkg.in/yaml.v3 v3.0.1 h1:fxVm/GzAzEWqLHuvctI91KS9hhNmmWOoWu0XTYJS7CA=
gopkg.in/yaml.v3 v3.0.1/go.mod h1:K4uyk7z7BCEPqu6E+C64Yfv1cQ7kz7rIZviUmN+EgEM=
